
Microsoft Visual Studio Solution File, Format Version 11.00
# Visual Studio 2010
Project("{FAE04EC0-301F-11D3-BF4B-00C04F79EFBC}") = "SeekAndDestroy", "SeekAndDestroy\SeekAndDestroy.csproj", "{C02A4629-738F-40CB-B808-CAE2A6019D9D}"
EndProject
Global
	GlobalSection(SolutionConfigurationPlatforms) = preSolution
		Debug|x86 = Debug|x86
		Release|x86 = Release|x86
	EndGlobalSection
	GlobalSection(ProjectConfigurationPlatforms) = postSolution
		{C02A4629-738F-40CB-B808-CAE2A6019D9D}.Debug|x86.ActiveCfg = Debug|x86
		{C02A4629-738F-40CB-B808-CAE2A6019D9D}.Debug|x86.Build.0 = Debug|x86
		{C02A4629-738F-40CB-B808-CAE2A6019D9D}.Release|x86.ActiveCfg = Release|x86
		{C02A4629-738F-40CB-B808-CAE2A6019D9D}.Release|x86.Build.0 = Release|x86
	EndGlobalSection
	GlobalSection(MonoDevelopProperties) = preSolution
		StartupItem = SeekAndDestroy\SeekAndDestroy.csproj
	EndGlobalSection
EndGlobal
